{
  "version": 4,
  "terraform_version": "1.14.6",
  "serial": 4,
  "lineage": "ff2e044e-3d31-368e-42c8-ae4c60090f63",
  "outputs": {},
  "resources": [
    {
      "mode": "managed",
      "type": "local_file",
      "name": "example",
      "provider": "provider[\"registry.terraform.io/hashicorp/local\"]",
      "instances": [
        {
          "schema_version": 0,
          "attributes": {
            "content": "Trần Thị Nhật Linh\nThời gian tạo: 2026-03-02T11:28:41Z",
            "content_base64": null,
            "content_base64sha256": "rGh5hpKSy8feWEJaUhrRemfR4GuwRaxcs5coMARvGJo=",
            "content_base64sha512": "WGXhZQz3BmDCNDUaL/jDS+YAh1WADr+1kc8vA1tYPW+9sxMk3AMRL7HhK8Q1Ry6rYstoIxJoSPy5xe7Z83ashg==",
            "content_md5": "44fb7670d006e1236d39e94d0772affe",
            "content_sha1": "c512fafb7a4591b2f771e5d70e51c53677418118",
            "content_sha256": "ac6879869292cbc7de58425a521ad17a67d1e06bb045ac5cb3972830046f189a",
            "content_sha512": "5865e1650cf70660c234351a2ff8c34be6008755800ebfb591cf2f035b583d6fbdb31324dc03112fb1e12bc435472eab62cb6823126848fcb9c5eed9f376ac86",
            "directory_permission": "0777",
            "file_permission": "0777",
            "filename": "./ha-tang-cua-toi.txt",
            "id": "c512fafb7a4591b2f771e5d70e51c53677418118",
            "sensitive_content": null,
            "source": null
          },
          "sensitive_attributes": [
            [
              {
                "type": "get_attr",
                "value": "sensitive_content"
              }
            ]
          ],
          "identity_schema_version": 0
        }
      ]
    }
  ],
  "check_results": null
}
